
Microsoft Visual Studio Solution File, Format Version 12.00
# Visual Studio 15
VisualStudioVersion = 15.0.26403.0
MinimumVisualStudioVersion = 10.0.40219.1
Project("{FAE04EC0-301F-11D3-BF4B-00C04F79EFBC}") = "CodeSniffer.Console", "CodeSniffer.Console\CodeSniffer.Console.csproj", "{1C89DEED-5763-400B-9C68-86BD5052810A}"
EndProject
Project("{FAE04EC0-301F-11D3-BF4B-00C04F79EFBC}") = "CodeSniffer.Interfaces", "CodeSniffer.Interfaces\CodeSniffer.Interfaces.csproj", "{1B48EE95-C9CB-49D8-8480-59C5DE751C04}"
EndProject
Project("{FAE04EC0-301F-11D3-BF4B-00C04F79EFBC}") = "CodeSniffer.Models", "CodeSniffer.Models\CodeSniffer.Models.csproj", "{EB2BDA30-9729-48FA-B41C-01BC46F92E8B}"
EndProject
Project("{FAE04EC0-301F-11D3-BF4B-00C04F79EFBC}") = "CodeSniffer.Parser.Java", "CodeSniffer.JavaParser\CodeSniffer.Parser.Java.csproj", "{EB80DDCC-4B22-45F3-904E-CCF62F296DFE}"
EndProject
Project("{FAE04EC0-301F-11D3-BF4B-00C04F79EFBC}") = "CodeSniffer.Parser.Java.UnitTests", "CodeSniffer.JavaParser.UnitTests\CodeSniffer.Parser.Java.UnitTests.csproj", "{EDCF2B06-8491-4F3A-A631-B6A8E1FE30E3}"
EndProject
Project("{2150E333-8FDC-42A3-9474-1A3956D46DE8}") = "Parser", "Parser", "{729E752E-9C91-4051-80F5-D9A28B06279A}"
EndProject
Project("{2150E333-8FDC-42A3-9474-1A3956D46DE8}") = "Application", "Application", "{8290E73B-4F42-446D-A147-FDCF369C5B48}"
EndProject
Project("{FAE04EC0-301F-11D3-BF4B-00C04F79EFBC}") = "CodeSniffer", "CodeSniffer\CodeSniffer.csproj", "{5D682A2F-7726-4C46-B5C1-C644D885A521}"
EndProject
Project("{FAE04EC0-301F-11D3-BF4B-00C04F79EFBC}") = "CodeSniffer.BBN", "CodeSniffer.BBN\CodeSniffer.BBN.csproj", "{94E1D26B-F619-480E-A19C-8CA5E122A7D4}"
EndProject
Project("{FAE04EC0-301F-11D3-BF4B-00C04F79EFBC}") = "CodeSniffer.BBN.UnitTests", "CodeSniffer.BBN.UnitTests\CodeSniffer.BBN.UnitTests.csproj", "{BB875649-C0D2-4823-BD88-7D96AAF56705}"
EndProject
Global
	GlobalSection(SolutionConfigurationPlatforms) = preSolution
		Debug|Any CPU = Debug|Any CPU
		Release|Any CPU = Release|Any CPU
	EndGlobalSection
	GlobalSection(ProjectConfigurationPlatforms) = postSolution
		{1C89DEED-5763-400B-9C68-86BD5052810A}.Debug|Any CPU.ActiveCfg = Debug|Any CPU
		{1C89DEED-5763-400B-9C68-86BD5052810A}.Debug|Any CPU.Build.0 = Debug|Any CPU
		{1C89DEED-5763-400B-9C68-86BD5052810A}.Release|Any CPU.ActiveCfg = Release|Any CPU
		{1C89DEED-5763-400B-9C68-86BD5052810A}.Release|Any CPU.Build.0 = Release|Any CPU
		{1B48EE95-C9CB-49D8-8480-59C5DE751C04}.Debug|Any CPU.ActiveCfg = Debug|Any CPU
		{1B48EE95-C9CB-49D8-8480-59C5DE751C04}.Debug|Any CPU.Build.0 = Debug|Any CPU
		{1B48EE95-C9CB-49D8-8480-59C5DE751C04}.Release|Any CPU.ActiveCfg = Release|Any CPU
		{1B48EE95-C9CB-49D8-8480-59C5DE751C04}.Release|Any CPU.Build.0 = Release|Any CPU
		{EB2BDA30-9729-48FA-B41C-01BC46F92E8B}.Debug|Any CPU.ActiveCfg = Debug|Any CPU
		{EB2BDA30-9729-48FA-B41C-01BC46F92E8B}.Debug|Any CPU.Build.0 = Debug|Any CPU
		{EB2BDA30-9729-48FA-B41C-01BC46F92E8B}.Release|Any CPU.ActiveCfg = Release|Any CPU
		{EB2BDA30-9729-48FA-B41C-01BC46F92E8B}.Release|Any CPU.Build.0 = Release|Any CPU
		{EB80DDCC-4B22-45F3-904E-CCF62F296DFE}.Debug|Any CPU.ActiveCfg = Debug|Any CPU
		{EB80DDCC-4B22-45F3-904E-CCF62F296DFE}.Debug|Any CPU.Build.0 = Debug|Any CPU
		{EB80DDCC-4B22-45F3-904E-CCF62F296DFE}.Release|Any CPU.ActiveCfg = Release|Any CPU
		{EB80DDCC-4B22-45F3-904E-CCF62F296DFE}.Release|Any CPU.Build.0 = Release|Any CPU
		{EDCF2B06-8491-4F3A-A631-B6A8E1FE30E3}.Debug|Any CPU.ActiveCfg = Debug|Any CPU
		{EDCF2B06-8491-4F3A-A631-B6A8E1FE30E3}.Debug|Any CPU.Build.0 = Debug|Any CPU
		{EDCF2B06-8491-4F3A-A631-B6A8E1FE30E3}.Release|Any CPU.ActiveCfg = Release|Any CPU
		{EDCF2B06-8491-4F3A-A631-B6A8E1FE30E3}.Release|Any CPU.Build.0 = Release|Any CPU
		{5D682A2F-7726-4C46-B5C1-C644D885A521}.Debug|Any CPU.ActiveCfg = Debug|Any CPU
		{5D682A2F-7726-4C46-B5C1-C644D885A521}.Debug|Any CPU.Build.0 = Debug|Any CPU
		{5D682A2F-7726-4C46-B5C1-C644D885A521}.Release|Any CPU.ActiveCfg = Release|Any CPU
		{5D682A2F-7726-4C46-B5C1-C644D885A521}.Release|Any CPU.Build.0 = Release|Any CPU
		{94E1D26B-F619-480E-A19C-8CA5E122A7D4}.Debug|Any CPU.ActiveCfg = Debug|Any CPU
		{94E1D26B-F619-480E-A19C-8CA5E122A7D4}.Debug|Any CPU.Build.0 = Debug|Any CPU
		{94E1D26B-F619-480E-A19C-8CA5E122A7D4}.Release|Any CPU.ActiveCfg = Release|Any CPU
		{94E1D26B-F619-480E-A19C-8CA5E122A7D4}.Release|Any CPU.Build.0 = Release|Any CPU
		{BB875649-C0D2-4823-BD88-7D96AAF56705}.Debug|Any CPU.ActiveCfg = Debug|Any CPU
		{BB875649-C0D2-4823-BD88-7D96AAF56705}.Debug|Any CPU.Build.0 = Debug|Any CPU
		{BB875649-C0D2-4823-BD88-7D96AAF56705}.Release|Any CPU.ActiveCfg = Release|Any CPU
		{BB875649-C0D2-4823-BD88-7D96AAF56705}.Release|Any CPU.Build.0 = Release|Any CPU
	EndGlobalSection
	GlobalSection(SolutionProperties) = preSolution
		HideSolutionNode = FALSE
	EndGlobalSection
	GlobalSection(NestedProjects) = preSolution
		{1C89DEED-5763-400B-9C68-86BD5052810A} = {8290E73B-4F42-446D-A147-FDCF369C5B48}
		{EB80DDCC-4B22-45F3-904E-CCF62F296DFE} = {729E752E-9C91-4051-80F5-D9A28B06279A}
		{EDCF2B06-8491-4F3A-A631-B6A8E1FE30E3} = {729E752E-9C91-4051-80F5-D9A28B06279A}
		{5D682A2F-7726-4C46-B5C1-C644D885A521} = {8290E73B-4F42-446D-A147-FDCF369C5B48}
	EndGlobalSection
EndGlobal
